
Microsoft Visual Studio Solution File, Format Version 12.00
# Visual Studio Version 17
VisualStudioVersion = 17.14.36511.14 d17.14
MinimumVisualStudioVersion = 10.0.40219.1
Project("{FAE04EC0-301F-11D3-BF4B-00C04F79EFBC}") = "EjemplosVarios", "EjemplosVarios\EjemplosVarios.csproj", "{4F01668C-E180-482A-B13E-5D71EDCE3B7B}"
EndProject
Global
	GlobalSection(SolutionConfigurationPlatforms) = preSolution
		Debug|Any CPU = Debug|Any CPU
		Release|Any CPU = Release|Any CPU
	EndGlobalSection
	GlobalSection(ProjectConfigurationPlatforms) = postSolution
		{4F01668C-E180-482A-B13E-5D71EDCE3B7B}.Debug|Any CPU.ActiveCfg = Debug|Any CPU
		{4F01668C-E180-482A-B13E-5D71EDCE3B7B}.Debug|Any CPU.Build.0 = Debug|Any CPU
		{4F01668C-E180-482A-B13E-5D71EDCE3B7B}.Release|Any CPU.ActiveCfg = Release|Any CPU
		{4F01668C-E180-482A-B13E-5D71EDCE3B7B}.Release|Any CPU.Build.0 = Release|Any CPU
	EndGlobalSection
	GlobalSection(SolutionProperties) = preSolution
		HideSolutionNode = FALSE
	EndGlobalSection
	GlobalSection(ExtensibilityGlobals) = postSolution
		SolutionGuid = {5C427F21-E2B4-49ED-A781-67C54ADAD3A5}
	EndGlobalSection
EndGlobal
